// !$*UTF8*$!
{
	archiveVersion = 1;
	classes = {
	};
	objectVersion = 46;
	objects = {

/* Begin PBXBuildFile section */
		8A8B88DE19A212F400F53CA2 /* InfoPlist.strings in Resources */ = {isa = PBXBuildFile; fileRef = 8A8B88DC19A212F400F53CA2 /* InfoPlist.strings */; };
		8A8B88E619A212F400F53CA2 /* Images.xcassets in Resources */ = {isa = PBXBuildFile; fileRef = 8A8B88E519A212F400F53CA2 /* Images.xcassets */; };
		8ABB5B4119C1DCE500906FF5 /* play-button-vector.png in Resources */ = {isa = PBXBuildFile; fileRef = 8ABB5B4019C1DCE500906FF5 /* play-button-vector.png */; };
		8ABB5B4419C2214600906FF5 /* settings.png in Resources */ = {isa = PBXBuildFile; fileRef = 8ABB5B4219C2214600906FF5 /* settings.png */; };
		8ABB5B4519C2214600906FF5 /* home.png in Resources */ = {isa = PBXBuildFile; fileRef = 8ABB5B4319C2214600906FF5 /* home.png */; };
		8AEADE2919DD8968009F104C /* books.jpg in Resources */ = {isa = PBXBuildFile; fileRef = 8AEADE2819DD8968009F104C /* books.jpg */; };
		8AED97BF19A7344F00BC47C3 /* jamieson_plate1.jpg in Resources */ = {isa = PBXBuildFile; fileRef = 8AED97BE19A7344F00BC47C3 /* jamieson_plate1.jpg */; };
		8C406B110C2979FA9C4B1726 /* Pods_aevintyri.framework in Frameworks */ = {isa = PBXBuildFile; fileRef = FB693AFA3A214452C22543A8 /* Pods_aevintyri.framework */; };
		A80122792508C98C004091C5 /* AVFoundation.framework in Frameworks */ = {isa = PBXBuildFile; fileRef = 8A14218919B9F08E00395714 /* AVFoundation.framework */; };
		A801227A2508C9C6004091C5 /* Foundation.framework in Frameworks */ = {isa = PBXBuildFile; fileRef = 8A8B88D319A212F400F53CA2 /* Foundation.framework */; };
		A801227C2508C9F3004091C5 /* UIKit.framework in Frameworks */ = {isa = PBXBuildFile; fileRef = 8A8B88D719A212F400F53CA2 /* UIKit.framework */; };
		A8518429256FA49F005575B5 /* BookAppDelegate.swift in Sources */ = {isa = PBXBuildFile; fileRef = A8518428256FA49F005575B5 /* BookAppDelegate.swift */; };
		A851842F256FF007005575B5 /* LibraryViewController.swift in Sources */ = {isa = PBXBuildFile; fileRef = A851842E256FF007005575B5 /* LibraryViewController.swift */; };
		A851843525710839005575B5 /* LibraryView.swift in Sources */ = {isa = PBXBuildFile; fileRef = A851843425710839005575B5 /* LibraryView.swift */; };
		A851843B2578CBDC005575B5 /* BookTableViewCell.swift in Sources */ = {isa = PBXBuildFile; fileRef = A851843A2578CBDC005575B5 /* BookTableViewCell.swift */; };
		A85184402578F414005575B5 /* BookViewController.swift in Sources */ = {isa = PBXBuildFile; fileRef = A851843F2578F414005575B5 /* BookViewController.swift */; };
		A851844A257980E0005575B5 /* PageView_.swift in Sources */ = {isa = PBXBuildFile; fileRef = A8518449257980E0005575B5 /* PageView_.swift */; };
		A851844C2579811C005575B5 /* PageViewController.swift in Sources */ = {isa = PBXBuildFile; fileRef = A851844B2579811C005575B5 /* PageViewController.swift */; };
		A8518454257E1A6D005575B5 /* Size+ConveinienceFunctions.swift in Sources */ = {isa = PBXBuildFile; fileRef = A8518453257E1A6D005575B5 /* Size+ConveinienceFunctions.swift */; };
		A85184562580CBA9005575B5 /* Settings.bundle in Resources */ = {isa = PBXBuildFile; fileRef = A85184552580CBA9005575B5 /* Settings.bundle */; };
		A85184582580DF4D005575B5 /* Settings.swift in Sources */ = {isa = PBXBuildFile; fileRef = A85184572580DF4D005575B5 /* Settings.swift */; };
		A851845A25820ADB005575B5 /* SettingsView.swift in Sources */ = {isa = PBXBuildFile; fileRef = A851845925820ADB005575B5 /* SettingsView.swift */; };
		A851845C258245BF005575B5 /* SettingsViewController.swift in Sources */ = {isa = PBXBuildFile; fileRef = A851845B258245BF005575B5 /* SettingsViewController.swift */; };
		A8859CF6256C56D100E65923 /* Library.swift in Sources */ = {isa = PBXBuildFile; fileRef = A8859CF5256C56D100E65923 /* Library.swift */; };
		A89E8CA4253D74AF00D8C685 /* PageView.swift in Sources */ = {isa = PBXBuildFile; fileRef = A89E8CA3253D74AF00D8C685 /* PageView.swift */; };
		A8A25C4F2507B24500101C4E /* BundeledStories in Resources */ = {isa = PBXBuildFile; fileRef = A8A25C4B2507A59100101C4E /* BundeledStories */; };
		A8A7E4D72567E74600712870 /* Page.swift in Sources */ = {isa = PBXBuildFile; fileRef = A8A7E4D62567E74600712870 /* Page.swift */; };
		A8A7E4E3256A7D9100712870 /* Book.swift in Sources */ = {isa = PBXBuildFile; fileRef = A8A7E4E2256A7D9100712870 /* Book.swift */; };
		A8DC242625D41F6800BB1033 /* Launch Screen.storyboard in Resources */ = {isa = PBXBuildFile; fileRef = A8DC242525D41F6800BB1033 /* Launch Screen.storyboard */; };
/* End PBXBuildFile section */

/* Begin PBXCopyFilesBuildPhase section */
		A80A3CFF253D8ED7007A9154 /* Embed Frameworks */ = {
			isa = PBXCopyFilesBuildPhase;
			buildActionMask = 2147483647;
			dstPath = "";
			dstSubfolderSpec = 10;
			files = (
			);
			name = "Embed Frameworks";
			runOnlyForDeploymentPostprocessing = 0;
		};
/* End PBXCopyFilesBuildPhase section */

/* Begin PBXFileReference section */
		182B3B5B8566996832C25A32 /* Pods-aevintyri.release.xcconfig */ = {isa = PBXFileReference; includeInIndex = 1; lastKnownFileType = text.xcconfig; name = "Pods-aevintyri.release.xcconfig"; path = "Target Support Files/Pods-aevintyri/Pods-aevintyri.release.xcconfig"; sourceTree = "<group>"; };
		6925FD8CF6ED9BE3082AFAE3 /* Pods-aevintyri.debug.xcconfig */ = {isa = PBXFileReference; includeInIndex = 1; lastKnownFileType = text.xcconfig; name = "Pods-aevintyri.debug.xcconfig"; path = "Target Support Files/Pods-aevintyri/Pods-aevintyri.debug.xcconfig"; sourceTree = "<group>"; };
		8A14218919B9F08E00395714 /* AVFoundation.framework */ = {isa = PBXFileReference; lastKnownFileType = wrapper.framework; name = AVFoundation.framework; path = System/Library/Frameworks/AVFoundation.framework; sourceTree = SDKROOT; };
		8A8B88D019A212F400F53CA2 /* Ævintýri.app */ = {isa = PBXFileReference; explicitFileType = wrapper.application; includeInIndex = 0; path = "Ævintýri.app"; sourceTree = BUILT_PRODUCTS_DIR; };
		8A8B88D319A212F400F53CA2 /* Foundation.framework */ = {isa = PBXFileReference; lastKnownFileType = wrapper.framework; name = Foundation.framework; path = System/Library/Frameworks/Foundation.framework; sourceTree = SDKROOT; };
		8A8B88D519A212F400F53CA2 /* CoreGraphics.framework */ = {isa = PBXFileReference; lastKnownFileType = wrapper.framework; name = CoreGraphics.framework; path = System/Library/Frameworks/CoreGraphics.framework; sourceTree = SDKROOT; };
		8A8B88D719A212F400F53CA2 /* UIKit.framework */ = {isa = PBXFileReference; lastKnownFileType = wrapper.framework; name = UIKit.framework; path = System/Library/Frameworks/UIKit.framework; sourceTree = SDKROOT; };
		8A8B88DB19A212F400F53CA2 /* AdventureBooks-Info.plist */ = {isa = PBXFileReference; lastKnownFileType = text.plist.xml; path = "AdventureBooks-Info.plist"; sourceTree = "<group>"; };
		8A8B88DD19A212F400F53CA2 /* en */ = {isa = PBXFileReference; lastKnownFileType = text.plist.strings; name = en; path = en.lproj/InfoPlist.strings; sourceTree = "<group>"; };
		8A8B88E119A212F400F53CA2 /* AdventureBooks-Prefix.pch */ = {isa = PBXFileReference; lastKnownFileType = sourcecode.c.h; path = "AdventureBooks-Prefix.pch"; sourceTree = "<group>"; };
		8A8B88E519A212F400F53CA2 /* Images.xcassets */ = {isa = PBXFileReference; lastKnownFileType = folder.assetcatalog; path = Images.xcassets; sourceTree = "<group>"; };
		8ABB5B4019C1DCE500906FF5 /* play-button-vector.png */ = {isa = PBXFileReference; lastKnownFileType = image.png; path = "play-button-vector.png"; sourceTree = "<group>"; };
		8ABB5B4219C2214600906FF5 /* settings.png */ = {isa = PBXFileReference; lastKnownFileType = image.png; path = settings.png; sourceTree = "<group>"; };
		8ABB5B4319C2214600906FF5 /* home.png */ = {isa = PBXFileReference; lastKnownFileType = image.png; path = home.png; sourceTree = "<group>"; };
		8AEADE2819DD8968009F104C /* books.jpg */ = {isa = PBXFileReference; lastKnownFileType = image.jpeg; path = books.jpg; sourceTree = "<group>"; };
		8AED97BE19A7344F00BC47C3 /* jamieson_plate1.jpg */ = {isa = PBXFileReference; lastKnownFileType = image.jpeg; path = jamieson_plate1.jpg; sourceTree = "<group>"; };
		A8518428256FA49F005575B5 /* BookAppDelegate.swift */ = {isa = PBXFileReference; lastKnownFileType = sourcecode.swift; name = BookAppDelegate.swift; path = AdventureBooks/BookAppDelegate.swift; sourceTree = "<group>"; };
		A851842E256FF007005575B5 /* LibraryViewController.swift */ = {isa = PBXFileReference; lastKnownFileType = sourcecode.swift; path = LibraryViewController.swift; sourceTree = "<group>"; };
		A851843425710839005575B5 /* LibraryView.swift */ = {isa = PBXFileReference; lastKnownFileType = sourcecode.swift; path = LibraryView.swift; sourceTree = "<group>"; };
		A851843A2578CBDC005575B5 /* BookTableViewCell.swift */ = {isa = PBXFileReference; lastKnownFileType = sourcecode.swift; path = BookTableViewCell.swift; sourceTree = "<group>"; };
		A851843F2578F414005575B5 /* BookViewController.swift */ = {isa = PBXFileReference; lastKnownFileType = sourcecode.swift; path = BookViewController.swift; sourceTree = "<group>"; };
		A8518449257980E0005575B5 /* PageView_.swift */ = {isa = PBXFileReference; lastKnownFileType = sourcecode.swift; path = PageView_.swift; sourceTree = "<group>"; };
		A851844B2579811C005575B5 /* PageViewController.swift */ = {isa = PBXFileReference; lastKnownFileType = sourcecode.swift; path = PageViewController.swift; sourceTree = "<group>"; };
		A8518453257E1A6D005575B5 /* Size+ConveinienceFunctions.swift */ = {isa = PBXFileReference; lastKnownFileType = sourcecode.swift; path = "Size+ConveinienceFunctions.swift"; sourceTree = "<group>"; };
		A85184552580CBA9005575B5 /* Settings.bundle */ = {isa = PBXFileReference; lastKnownFileType = "wrapper.plug-in"; name = Settings.bundle; path = AdventureBooks/Settings.bundle; sourceTree = "<group>"; };
		A85184572580DF4D005575B5 /* Settings.swift */ = {isa = PBXFileReference; lastKnownFileType = sourcecode.swift; path = Settings.swift; sourceTree = "<group>"; };
		A851845925820ADB005575B5 /* SettingsView.swift */ = {isa = PBXFileReference; lastKnownFileType = sourcecode.swift; path = SettingsView.swift; sourceTree = "<group>"; };
		A851845B258245BF005575B5 /* SettingsViewController.swift */ = {isa = PBXFileReference; lastKnownFileType = sourcecode.swift; path = SettingsViewController.swift; sourceTree = "<group>"; };
		A8859CF5256C56D100E65923 /* Library.swift */ = {isa = PBXFileReference; lastKnownFileType = sourcecode.swift; path = Library.swift; sourceTree = "<group>"; };
		A89E8CA3253D74AF00D8C685 /* PageView.swift */ = {isa = PBXFileReference; lastKnownFileType = sourcecode.swift; path = PageView.swift; sourceTree = "<group>"; };
		A8A25C4B2507A59100101C4E /* BundeledStories */ = {isa = PBXFileReference; lastKnownFileType = folder; path = BundeledStories; sourceTree = "<group>"; };
		A8A7E4D62567E74600712870 /* Page.swift */ = {isa = PBXFileReference; lastKnownFileType = sourcecode.swift; name = Page.swift; path = AdventureBooks/Page.swift; sourceTree = "<group>"; };
		A8A7E4E2256A7D9100712870 /* Book.swift */ = {isa = PBXFileReference; lastKnownFileType = sourcecode.swift; path = Book.swift; sourceTree = "<group>"; };
		A8DC242525D41F6800BB1033 /* Launch Screen.storyboard */ = {isa = PBXFileReference; lastKnownFileType = file.storyboard; path = "Launch Screen.storyboard"; sourceTree = "<group>"; };
		FB693AFA3A214452C22543A8 /* Pods_aevintyri.framework */ = {isa = PBXFileReference; explicitFileType = wrapper.framework; includeInIndex = 0; path = Pods_aevintyri.framework; sourceTree = BUILT_PRODUCTS_DIR; };
/* End PBXFileReference section */

/* Begin PBXFrameworksBuildPhase section */
		A80122782508C97D004091C5 /* Frameworks */ = {
			isa = PBXFrameworksBuildPhase;
			buildActionMask = 2147483647;
			files = (
				A801227C2508C9F3004091C5 /* UIKit.framework in Frameworks */,
				A801227A2508C9C6004091C5 /* Foundation.framework in Frameworks */,
				A80122792508C98C004091C5 /* AVFoundation.framework in Frameworks */,
				8C406B110C2979FA9C4B1726 /* Pods_aevintyri.framework in Frameworks */,
			);
			runOnlyForDeploymentPostprocessing = 0;
		};
/* End PBXFrameworksBuildPhase section */

/* Begin PBXGroup section */
		4552CAA5E51029EDEDA5B3FC /* Pods */ = {
			isa = PBXGroup;
			children = (
				6925FD8CF6ED9BE3082AFAE3 /* Pods-aevintyri.debug.xcconfig */,
				182B3B5B8566996832C25A32 /* Pods-aevintyri.release.xcconfig */,
			);
			path = Pods;
			sourceTree = "<group>";
		};
		8A8B88C719A212F400F53CA2 = {
			isa = PBXGroup;
			children = (
				A8DC242425D41F2B00BB1033 /* StoryBoards */,
				A8518428256FA49F005575B5 /* BookAppDelegate.swift */,
				A85184572580DF4D005575B5 /* Settings.swift */,
				A85184552580CBA9005575B5 /* Settings.bundle */,
				8AEADE2219DD6F63009F104C /* Library */,
				8AED23B61BA6AF83008BB724 /* ViewControllers */,
				8A8B88D919A212F400F53CA2 /* AdventureBooks */,
				8A8B88D219A212F400F53CA2 /* Frameworks */,
				8A8B88D119A212F400F53CA2 /* Products */,
				A8A25C4B2507A59100101C4E /* BundeledStories */,
				4552CAA5E51029EDEDA5B3FC /* Pods */,
			);
			sourceTree = "<group>";
		};
		8A8B88D119A212F400F53CA2 /* Products */ = {
			isa = PBXGroup;
			children = (
				8A8B88D019A212F400F53CA2 /* Ævintýri.app */,
			);
			name = Products;
			sourceTree = "<group>";
		};
		8A8B88D219A212F400F53CA2 /* Frameworks */ = {
			isa = PBXGroup;
			children = (
				8A14218919B9F08E00395714 /* AVFoundation.framework */,
				8A8B88D319A212F400F53CA2 /* Foundation.framework */,
				8A8B88D519A212F400F53CA2 /* CoreGraphics.framework */,
				8A8B88D719A212F400F53CA2 /* UIKit.framework */,
				FB693AFA3A214452C22543A8 /* Pods_aevintyri.framework */,
			);
			name = Frameworks;
			sourceTree = "<group>";
		};
		8A8B88D919A212F400F53CA2 /* AdventureBooks */ = {
			isa = PBXGroup;
			children = (
				8AED97BD19A7342900BC47C3 /* Graphics */,
				8A8B88E519A212F400F53CA2 /* Images.xcassets */,
				8A8B88DA19A212F400F53CA2 /* Supporting Files */,
			);
			path = AdventureBooks;
			sourceTree = "<group>";
		};
		8A8B88DA19A212F400F53CA2 /* Supporting Files */ = {
			isa = PBXGroup;
			children = (
				8A8B88DB19A212F400F53CA2 /* AdventureBooks-Info.plist */,
				8A8B88DC19A212F400F53CA2 /* InfoPlist.strings */,
				8A8B88E119A212F400F53CA2 /* AdventureBooks-Prefix.pch */,
			);
			name = "Supporting Files";
			sourceTree = "<group>";
		};
		8AEADE2219DD6F63009F104C /* Library */ = {
			isa = PBXGroup;
			children = (
				A8859CF5256C56D100E65923 /* Library.swift */,
				A8A7E4E2256A7D9100712870 /* Book.swift */,
				A8A7E4D62567E74600712870 /* Page.swift */,
			);
			name = Library;
			sourceTree = "<group>";
		};
		8AED23B61BA6AF83008BB724 /* ViewControllers */ = {
			isa = PBXGroup;
			children = (
				A851842E256FF007005575B5 /* LibraryViewController.swift */,
				A851843425710839005575B5 /* LibraryView.swift */,
				A851843A2578CBDC005575B5 /* BookTableViewCell.swift */,
				A851843F2578F414005575B5 /* BookViewController.swift */,
				A89E8CA3253D74AF00D8C685 /* PageView.swift */,
				A851844B2579811C005575B5 /* PageViewController.swift */,
				A8518449257980E0005575B5 /* PageView_.swift */,
				A8518453257E1A6D005575B5 /* Size+ConveinienceFunctions.swift */,
				A851845925820ADB005575B5 /* SettingsView.swift */,
				A851845B258245BF005575B5 /* SettingsViewController.swift */,
			);
			name = ViewControllers;
			path = AdventureBooks;
			sourceTree = "<group>";
		};
		8AED97BD19A7342900BC47C3 /* Graphics */ = {
			isa = PBXGroup;
			children = (
				8AEADE2819DD8968009F104C /* books.jpg */,
				8ABB5B4219C2214600906FF5 /* settings.png */,
				8ABB5B4319C2214600906FF5 /* home.png */,
				8ABB5B4019C1DCE500906FF5 /* play-button-vector.png */,
				8AED97BE19A7344F00BC47C3 /* jamieson_plate1.jpg */,
			);
			name = Graphics;
			sourceTree = "<group>";
		};
		A8DC242425D41F2B00BB1033 /* StoryBoards */ = {
			isa = PBXGroup;
			children = (
				A8DC242525D41F6800BB1033 /* Launch Screen.storyboard */,
			);
			path = StoryBoards;
			sourceTree = "<group>";
		};
/* End PBXGroup section */

/* Begin PBXNativeTarget section */
		8A8B88CF19A212F400F53CA2 /* aevintyri */ = {
			isa = PBXNativeTarget;
			buildConfigurationList = 8A8B88FC19A212F400F53CA2 /* Build configuration list for PBXNativeTarget "aevintyri" */;
			buildPhases = (
				A85184332570F413005575B5 /* ShellScript */,
				E6400279B42558ACEB50EACE /* [CP] Check Pods Manifest.lock */,
				8A8B88CC19A212F400F53CA2 /* Sources */,
				8A8B88CE19A212F400F53CA2 /* Resources */,
				A80122782508C97D004091C5 /* Frameworks */,
				A80A3CFF253D8ED7007A9154 /* Embed Frameworks */,
				FF2A5C4701EF1F53962E46A3 /* [CP] Embed Pods Frameworks */,
			);
			buildRules = (
			);
			dependencies = (
			);
			name = aevintyri;
			productName = AdventureBooks;
			productReference = 8A8B88D019A212F400F53CA2 /* Ævintýri.app */;
			productType = "com.apple.product-type.application";
		};
/* End PBXNativeTarget section */

/* Begin PBXProject section */
		8A8B88C819A212F400F53CA2 /* Project object */ = {
			isa = PBXProject;
			attributes = {
				CLASSPREFIX = Book;
				LastUpgradeCheck = 1200;
				ORGANIZATIONNAME = "Agust Rafnsson";
				TargetAttributes = {
					8A8B88CF19A212F400F53CA2 = {
						DevelopmentTeam = BY8JMSGP7Z;
						LastSwiftMigration = 1200;
						SystemCapabilities = {
							com.apple.InAppPurchase = {
								enabled = 1;
							};
						};
					};
				};
			};
			buildConfigurationList = 8A8B88CB19A212F400F53CA2 /* Build configuration list for PBXProject "AdventureBooks" */;
			compatibilityVersion = "Xcode 3.2";
			developmentRegion = en;
			hasScannedForEncodings = 0;
			knownRegions = (
				en,
				Base,
			);
			mainGroup = 8A8B88C719A212F400F53CA2;
			productRefGroup = 8A8B88D119A212F400F53CA2 /* Products */;
			projectDirPath = "";
			projectRoot = "";
			targets = (
				8A8B88CF19A212F400F53CA2 /* aevintyri */,
			);
		};
/* End PBXProject section */

/* Begin PBXResourcesBuildPhase section */
		8A8B88CE19A212F400F53CA2 /* Resources */ = {
			isa = PBXResourcesBuildPhase;
			buildActionMask = 2147483647;
			files = (
				8ABB5B4419C2214600906FF5 /* settings.png in Resources */,
				8ABB5B4119C1DCE500906FF5 /* play-button-vector.png in Resources */,
				8ABB5B4519C2214600906FF5 /* home.png in Resources */,
				8AED97BF19A7344F00BC47C3 /* jamieson_plate1.jpg in Resources */,
				8A8B88DE19A212F400F53CA2 /* InfoPlist.strings in Resources */,
				8AEADE2919DD8968009F104C /* books.jpg in Resources */,
				8A8B88E619A212F400F53CA2 /* Images.xcassets in Resources */,
				A85184562580CBA9005575B5 /* Settings.bundle in Resources */,
				A8DC242625D41F6800BB1033 /* Launch Screen.storyboard in Resources */,
				A8A25C4F2507B24500101C4E /* BundeledStories in Resources */,
			);
			runOnlyForDeploymentPostprocessing = 0;
		};
/* End PBXResourcesBuildPhase section */

/* Begin PBXShellScriptBuildPhase section */
		A85184332570F413005575B5 /* ShellScript */ = {
			isa = PBXShellScriptBuildPhase;
			buildActionMask = 2147483647;
			files = (
			);
			inputFileListPaths = (
			);
			inputPaths = (
			);
			outputFileListPaths = (
			);
			outputPaths = (
			);
			runOnlyForDeploymentPostprocessing = 0;
			shellPath = /bin/sh;
			shellScript = "# Type a script or drag a script file from your workspace to insert its path.\n\"${PODS_ROOT}/SwiftLint/swiftlint\"\n";
		};
		E6400279B42558ACEB50EACE /* [CP] Check Pods Manifest.lock */ = {
			isa = PBXShellScriptBuildPhase;
			buildActionMask = 2147483647;
			files = (
			);
			inputFileListPaths = (
			);
			inputPaths = (
				"${PODS_PODFILE_DIR_PATH}/Podfile.lock",
				"${PODS_ROOT}/Manifest.lock",
			);
			name = "[CP] Check Pods Manifest.lock";
			outputFileListPaths = (
			);
			outputPaths = (
				"$(DERIVED_FILE_DIR)/Pods-aevintyri-checkManifestLockResult.txt",
			);
			runOnlyForDeploymentPostprocessing = 0;
			shellPath = /bin/sh;
			shellScript = "diff \"${PODS_PODFILE_DIR_PATH}/Podfile.lock\" \"${PODS_ROOT}/Manifest.lock\" > /dev/null\nif [ $? != 0 ] ; then\n    # print error to STDERR\n    echo \"error: The sandbox is not in sync with the Podfile.lock. Run 'pod install' or update your CocoaPods installation.\" >&2\n    exit 1\nfi\n# This output is used by Xcode 'outputs' to avoid re-running this script phase.\necho \"SUCCESS\" > \"${SCRIPT_OUTPUT_FILE_0}\"\n";
			showEnvVarsInLog = 0;
		};
		FF2A5C4701EF1F53962E46A3 /* [CP] Embed Pods Frameworks */ = {
			isa = PBXShellScriptBuildPhase;
			buildActionMask = 2147483647;
			files = (
			);
			inputPaths = (
				"${PODS_ROOT}/Target Support Files/Pods-aevintyri/Pods-aevintyri-frameworks.sh",
				"${BUILT_PRODUCTS_DIR}/PureLayout/PureLayout.framework",
			);
			name = "[CP] Embed Pods Frameworks";
			outputPaths = (
				"${TARGET_BUILD_DIR}/${FRAMEWORKS_FOLDER_PATH}/PureLayout.framework",
			);
			runOnlyForDeploymentPostprocessing = 0;
			shellPath = /bin/sh;
			shellScript = "\"${PODS_ROOT}/Target Support Files/Pods-aevintyri/Pods-aevintyri-frameworks.sh\"\n";
			showEnvVarsInLog = 0;
		};
/* End PBXShellScriptBuildPhase section */

/* Begin PBXSourcesBuildPhase section */
		8A8B88CC19A212F400F53CA2 /* Sources */ = {
			isa = PBXSourcesBuildPhase;
			buildActionMask = 2147483647;
			files = (
				A8518429256FA49F005575B5 /* BookAppDelegate.swift in Sources */,
				A85184582580DF4D005575B5 /* Settings.swift in Sources */,
				A851842F256FF007005575B5 /* LibraryViewController.swift in Sources */,
				A8859CF6256C56D100E65923 /* Library.swift in Sources */,
				A851843B2578CBDC005575B5 /* BookTableViewCell.swift in Sources */,
				A89E8CA4253D74AF00D8C685 /* PageView.swift in Sources */,
				A851844C2579811C005575B5 /* PageViewController.swift in Sources */,
				A851845A25820ADB005575B5 /* SettingsView.swift in Sources */,
				A851845C258245BF005575B5 /* SettingsViewController.swift in Sources */,
				A851843525710839005575B5 /* LibraryView.swift in Sources */,
				A85184402578F414005575B5 /* BookViewController.swift in Sources */,
				A8518454257E1A6D005575B5 /* Size+ConveinienceFunctions.swift in Sources */,
				A8A7E4D72567E74600712870 /* Page.swift in Sources */,
				A8A7E4E3256A7D9100712870 /* Book.swift in Sources */,
				A851844A257980E0005575B5 /* PageView_.swift in Sources */,
			);
			runOnlyForDeploymentPostprocessing = 0;
		};
/* End PBXSourcesBuildPhase section */

/* Begin PBXVariantGroup section */
		8A8B88DC19A212F400F53CA2 /* InfoPlist.strings */ = {
			isa = PBXVariantGroup;
			children = (
				8A8B88DD19A212F400F53CA2 /* en */,
			);
			name = InfoPlist.strings;
			sourceTree = "<group>";
		};
/* End PBXVariantGroup section */

/* Begin XCBuildConfiguration section */
		8A8B88FA19A212F400F53CA2 /* Debug */ = {
			isa = XCBuildConfiguration;
			buildSettings = {
				ALWAYS_SEARCH_USER_PATHS = NO;
				CLANG_ANALYZER_LOCALIZABILITY_NONLOCALIZED = YES;
				CLANG_CXX_LANGUAGE_STANDARD = "gnu++0x";
				CLANG_CXX_LIBRARY = "libc++";
				CLANG_ENABLE_MODULES = YES;
				CLANG_ENABLE_OBJC_ARC = YES;
				CLANG_WARN_BLOCK_CAPTURE_AUTORELEASING = YES;
				CLANG_WARN_BOOL_CONVERSION = YES;
				CLANG_WARN_COMMA = YES;
				CLANG_WARN_CONSTANT_CONVERSION = YES;
				CLANG_WARN_DEPRECATED_OBJC_IMPLEMENTATIONS = YES;
				CLANG_WARN_DIRECT_OBJC_ISA_USAGE = YES_ERROR;
				CLANG_WARN_EMPTY_BODY = YES;
				CLANG_WARN_ENUM_CONVERSION = YES;
				CLANG_WARN_INFINITE_RECURSION = YES;
				CLANG_WARN_INT_CONVERSION = YES;
				CLANG_WARN_NON_LITERAL_NULL_CONVERSION = YES;
				CLANG_WARN_OBJC_IMPLICIT_RETAIN_SELF = YES;
				CLANG_WARN_OBJC_LITERAL_CONVERSION = YES;
				CLANG_WARN_OBJC_ROOT_CLASS = YES_ERROR;
				CLANG_WARN_QUOTED_INCLUDE_IN_FRAMEWORK_HEADER = YES;
				CLANG_WARN_RANGE_LOOP_ANALYSIS = YES;
				CLANG_WARN_STRICT_PROTOTYPES = YES;
				CLANG_WARN_SUSPICIOUS_MOVE = YES;
				CLANG_WARN_UNREACHABLE_CODE = YES;
				CLANG_WARN__DUPLICATE_METHOD_MATCH = YES;
				"CODE_SIGN_IDENTITY[sdk=iphoneos*]" = "iPhone Developer";
				COPY_PHASE_STRIP = NO;
				ENABLE_STRICT_OBJC_MSGSEND = YES;
				ENABLE_TESTABILITY = YES;
				GCC_C_LANGUAGE_STANDARD = gnu99;
				GCC_DYNAMIC_NO_PIC = NO;
				GCC_NO_COMMON_BLOCKS = YES;
				GCC_OPTIMIZATION_LEVEL = 0;
				GCC_PREPROCESSOR_DEFINITIONS = (
					"DEBUG=1",
					"$(inherited)",
				);
				GCC_SYMBOLS_PRIVATE_EXTERN = NO;
				GCC_WARN_64_TO_32_BIT_CONVERSION = YES;
				GCC_WARN_ABOUT_RETURN_TYPE = YES_ERROR;
				GCC_WARN_UNDECLARED_SELECTOR = YES;
				GCC_WARN_UNINITIALIZED_AUTOS = YES_AGGRESSIVE;
				GCC_WARN_UNUSED_FUNCTION = YES;
				GCC_WARN_UNUSED_VARIABLE = YES;
				IPHONEOS_DEPLOYMENT_TARGET = 9.0;
				ONLY_ACTIVE_ARCH = YES;
				SDKROOT = iphoneos;
				TARGETED_DEVICE_FAMILY = "1,2";
			};
			name = Debug;
		};
		8A8B88FB19A212F400F53CA2 /* Release */ = {
			isa = XCBuildConfiguration;
			buildSettings = {
				ALWAYS_SEARCH_USER_PATHS = NO;
				CLANG_ANALYZER_LOCALIZABILITY_NONLOCALIZED = YES;
				CLANG_CXX_LANGUAGE_STANDARD = "gnu++0x";
				CLANG_CXX_LIBRARY = "libc++";
				CLANG_ENABLE_MODULES = YES;
				CLANG_ENABLE_OBJC_ARC = YES;
				CLANG_WARN_BLOCK_CAPTURE_AUTORELEASING = YES;
				CLANG_WARN_BOOL_CONVERSION = YES;
				CLANG_WARN_COMMA = YES;
				CLANG_WARN_CONSTANT_CONVERSION = YES;
				CLANG_WARN_DEPRECATED_OBJC_IMPLEMENTATIONS = YES;
				CLANG_WARN_DIRECT_OBJC_ISA_USAGE = YES_ERROR;
				CLANG_WARN_EMPTY_BODY = YES;
				CLANG_WARN_ENUM_CONVERSION = YES;
				CLANG_WARN_INFINITE_RECURSION = YES;
				CLANG_WARN_INT_CONVERSION = YES;
				CLANG_WARN_NON_LITERAL_NULL_CONVERSION = YES;
				CLANG_WARN_OBJC_IMPLICIT_RETAIN_SELF = YES;
				CLANG_WARN_OBJC_LITERAL_CONVERSION = YES;
				CLANG_WARN_OBJC_ROOT_CLASS = YES_ERROR;
				CLANG_WARN_QUOTED_INCLUDE_IN_FRAMEWORK_HEADER = YES;
				CLANG_WARN_RANGE_LOOP_ANALYSIS = YES;
				CLANG_WARN_STRICT_PROTOTYPES = YES;
				CLANG_WARN_SUSPICIOUS_MOVE = YES;
				CLANG_WARN_UNREACHABLE_CODE = YES;
				CLANG_WARN__DUPLICATE_METHOD_MATCH = YES;
				"CODE_SIGN_IDENTITY[sdk=iphoneos*]" = "iPhone Developer";
				COPY_PHASE_STRIP = YES;
				ENABLE_NS_ASSERTIONS = NO;
				ENABLE_STRICT_OBJC_MSGSEND = YES;
				GCC_C_LANGUAGE_STANDARD = gnu99;
				GCC_NO_COMMON_BLOCKS = YES;
				GCC_WARN_64_TO_32_BIT_CONVERSION = YES;
				GCC_WARN_ABOUT_RETURN_TYPE = YES_ERROR;
				GCC_WARN_UNDECLARED_SELECTOR = YES;
				GCC_WARN_UNINITIALIZED_AUTOS = YES_AGGRESSIVE;
				GCC_WARN_UNUSED_FUNCTION = YES;
				GCC_WARN_UNUSED_VARIABLE = YES;
				IPHONEOS_DEPLOYMENT_TARGET = 9.0;
				SDKROOT = iphoneos;
				SWIFT_COMPILATION_MODE = wholemodule;
				TARGETED_DEVICE_FAMILY = "1,2";
				VALIDATE_PRODUCT = YES;
			};
			name = Release;
		};
		8A8B88FD19A212F400F53CA2 /* Debug */ = {
			isa = XCBuildConfiguration;
			baseConfigurationReference = 6925FD8CF6ED9BE3082AFAE3 /* Pods-aevintyri.debug.xcconfig */;
			buildSettings = {
				ASSETCATALOG_COMPILER_APPICON_NAME = AppIcon;
				ASSETCATALOG_COMPILER_LAUNCHIMAGE_NAME = LaunchImage;
				CLANG_ENABLE_MODULES = YES;
				CODE_SIGN_IDENTITY = "iPhone Developer";
				"CODE_SIGN_IDENTITY[sdk=iphoneos*]" = "iPhone Developer";
				CURRENT_PROJECT_VERSION = 8;
				GCC_PRECOMPILE_PREFIX_HEADER = YES;
				GCC_PREFIX_HEADER = "AdventureBooks/AdventureBooks-Prefix.pch";
				INFOPLIST_FILE = "AdventureBooks/AdventureBooks-Info.plist";
				IPHONEOS_DEPLOYMENT_TARGET = 9.0;
				LD_RUNPATH_SEARCH_PATHS = "$(inherited) @executable_path/Frameworks";
				MARKETING_VERSION = 1.6;
				PRODUCT_BUNDLE_IDENTIFIER = com.aevintyri;
				PRODUCT_NAME = "Ævintýri";
				PROVISIONING_PROFILE = "";
				SWIFT_OBJC_BRIDGING_HEADER = "";
				SWIFT_OPTIMIZATION_LEVEL = "-Onone";
				SWIFT_VERSION = 5.0;
				TARGETED_DEVICE_FAMILY = "1,2";
				WRAPPER_EXTENSION = app;
			};
			name = Debug;
		};
		8A8B88FE19A212F400F53CA2 /* Release */ = {
			isa = XCBuildConfiguration;
			baseConfigurationReference = 182B3B5B8566996832C25A32 /* Pods-aevintyri.release.xcconfig */;
			buildSettings = {
				ASSETCATALOG_COMPILER_APPICON_NAME = AppIcon;
				ASSETCATALOG_COMPILER_LAUNCHIMAGE_NAME = LaunchImage;
				CLANG_ENABLE_MODULES = YES;
				CODE_SIGN_IDENTITY = "iPhone Developer";
				"CODE_SIGN_IDENTITY[sdk=iphoneos*]" = "iPhone Developer";
				CURRENT_PROJECT_VERSION = 8;
				GCC_PRECOMPILE_PREFIX_HEADER = YES;
				GCC_PREFIX_HEADER = "AdventureBooks/AdventureBooks-Prefix.pch";
				INFOPLIST_FILE = "AdventureBooks/AdventureBooks-Info.plist";
				IPHONEOS_DEPLOYMENT_TARGET = 9.0;
				LD_RUNPATH_SEARCH_PATHS = "$(inherited) @executable_path/Frameworks";
				MARKETING_VERSION = 1.6;
				PRODUCT_BUNDLE_IDENTIFIER = com.aevintyri;
				PRODUCT_NAME = "Ævintýri";
				PROVISIONING_PROFILE = "";
				SWIFT_OBJC_BRIDGING_HEADER = "";
				SWIFT_VERSION = 5.0;
				TARGETED_DEVICE_FAMILY = "1,2";
				WRAPPER_EXTENSION = app;
			};
			name = Release;
		};
/* End XCBuildConfiguration section */

/* Begin XCConfigurationList section */
		8A8B88CB19A212F400F53CA2 /* Build configuration list for PBXProject "AdventureBooks" */ = {
			isa = XCConfigurationList;
			buildConfigurations = (
				8A8B88FA19A212F400F53CA2 /* Debug */,
				8A8B88FB19A212F400F53CA2 /* Release */,
			);
			defaultConfigurationIsVisible = 0;
			defaultConfigurationName = Release;
		};
		8A8B88FC19A212F400F53CA2 /* Build configuration list for PBXNativeTarget "aevintyri" */ = {
			isa = XCConfigurationList;
			buildConfigurations = (
				8A8B88FD19A212F400F53CA2 /* Debug */,
				8A8B88FE19A212F400F53CA2 /* Release */,
			);
			defaultConfigurationIsVisible = 0;
			defaultConfigurationName = Release;
		};
/* End XCConfigurationList section */
	};
	rootObject = 8A8B88C819A212F400F53CA2 /* Project object */;
}
